
Microsoft Visual Studio Solution File, Format Version 12.00
# Visual Studio Version 17
VisualStudioVersion = 17.8.34525.116
MinimumVisualStudioVersion = 10.0.40219.1
Project("{FAE04EC0-301F-11D3-BF4B-00C04F79EFBC}") = "LibreriaYazz", "LibreriaYazz\LibreriaYazz.csproj", "{A89BFA2C-DD5D-4E40-911A-6A10E2E4B27F}"
EndProject
Global
	GlobalSection(SolutionConfigurationPlatforms) = preSolution
		Debug|Any CPU = Debug|Any CPU
		Release|Any CPU = Release|Any CPU
	EndGlobalSection
	GlobalSection(ProjectConfigurationPlatforms) = postSolution
		{A89BFA2C-DD5D-4E40-911A-6A10E2E4B27F}.Debug|Any CPU.ActiveCfg = Debug|Any CPU
		{A89BFA2C-DD5D-4E40-911A-6A10E2E4B27F}.Debug|Any CPU.Build.0 = Debug|Any CPU
		{A89BFA2C-DD5D-4E40-911A-6A10E2E4B27F}.Release|Any CPU.ActiveCfg = Release|Any CPU
		{A89BFA2C-DD5D-4E40-911A-6A10E2E4B27F}.Release|Any CPU.Build.0 = Release|Any CPU
	EndGlobalSection
	GlobalSection(SolutionProperties) = preSolution
		HideSolutionNode = FALSE
	EndGlobalSection
	GlobalSection(ExtensibilityGlobals) = postSolution
		SolutionGuid = {8D665E32-C6FE-429E-8B10-0C16AD6997B8}
	EndGlobalSection
EndGlobal
